
Microsoft Visual Studio Solution File, Format Version 12.00
# Visual Studio 15
Project("{FAE04EC0-301F-11D3-BF4B-00C04F79EFBC}") = "BazarRestAPI", "BazarRestAPI\BazarRestAPI.csproj", "{8D68F49E-E35D-4077-A8D4-63AB3D900005}"
EndProject
Project("{2150E333-8FDC-42A3-9474-1A3956D46DE8}") = "UI", "UI", "{133288EE-1A2C-4F40-828D-BBB8AB0A49D6}"
EndProject
Project("{2150E333-8FDC-42A3-9474-1A3956D46DE8}") = "Core", "Core", "{D0A7AFA5-51F2-4CA2-A121-50D7323986AC}"
EndProject
Project("{FAE04EC0-301F-11D3-BF4B-00C04F79EFBC}") = "Core", "Core\Core.csproj", "{930A8664-8201-4C6F-8417-7A1DED704456}"
EndProject
Project("{2150E333-8FDC-42A3-9474-1A3956D46DE8}") = "Infrastructure", "Infrastructure", "{EC0A9DCA-994F-4D41-9929-6347AFAEA844}"
EndProject
Project("{FAE04EC0-301F-11D3-BF4B-00C04F79EFBC}") = "Infrastructure", "infrastructure\infrastructure.csproj", "{1A9C0AE5-73AB-4426-90E1-DCEBA6CC15B7}"
EndProject
Project("{FAE04EC0-301F-11D3-BF4B-00C04F79EFBC}") = "Core.Entity", "Core.Entity\Core.Entity.csproj", "{A2D20C71-FB08-48A3-8BEF-6D5D7F25EF9B}"
EndProject
Project("{2150E333-8FDC-42A3-9474-1A3956D46DE8}") = "Solution Items", "Solution Items", "{D5FE4C40-5AB4-4EBA-855F-519E461AB7D4}"
	ProjectSection(SolutionItems) = preProject
		.travis.yml = .travis.yml
	EndProjectSection
EndProject
Global
	GlobalSection(SolutionConfigurationPlatforms) = preSolution
		Debug|Any CPU = Debug|Any CPU
		Release|Any CPU = Release|Any CPU
	EndGlobalSection
	GlobalSection(ProjectConfigurationPlatforms) = postSolution
		{8D68F49E-E35D-4077-A8D4-63AB3D900005}.Debug|Any CPU.ActiveCfg = Debug|Any CPU
		{8D68F49E-E35D-4077-A8D4-63AB3D900005}.Debug|Any CPU.Build.0 = Debug|Any CPU
		{8D68F49E-E35D-4077-A8D4-63AB3D900005}.Release|Any CPU.ActiveCfg = Release|Any CPU
		{8D68F49E-E35D-4077-A8D4-63AB3D900005}.Release|Any CPU.Build.0 = Release|Any CPU
		{930A8664-8201-4C6F-8417-7A1DED704456}.Debug|Any CPU.ActiveCfg = Debug|Any CPU
		{930A8664-8201-4C6F-8417-7A1DED704456}.Debug|Any CPU.Build.0 = Debug|Any CPU
		{930A8664-8201-4C6F-8417-7A1DED704456}.Release|Any CPU.ActiveCfg = Release|Any CPU
		{930A8664-8201-4C6F-8417-7A1DED704456}.Release|Any CPU.Build.0 = Release|Any CPU
		{1A9C0AE5-73AB-4426-90E1-DCEBA6CC15B7}.Debug|Any CPU.ActiveCfg = Debug|Any CPU
		{1A9C0AE5-73AB-4426-90E1-DCEBA6CC15B7}.Debug|Any CPU.Build.0 = Debug|Any CPU
		{1A9C0AE5-73AB-4426-90E1-DCEBA6CC15B7}.Release|Any CPU.ActiveCfg = Release|Any CPU
		{1A9C0AE5-73AB-4426-90E1-DCEBA6CC15B7}.Release|Any CPU.Build.0 = Release|Any CPU
		{A2D20C71-FB08-48A3-8BEF-6D5D7F25EF9B}.Debug|Any CPU.ActiveCfg = Debug|Any CPU
		{A2D20C71-FB08-48A3-8BEF-6D5D7F25EF9B}.Debug|Any CPU.Build.0 = Debug|Any CPU
		{A2D20C71-FB08-48A3-8BEF-6D5D7F25EF9B}.Release|Any CPU.ActiveCfg = Release|Any CPU
		{A2D20C71-FB08-48A3-8BEF-6D5D7F25EF9B}.Release|Any CPU.Build.0 = Release|Any CPU
	EndGlobalSection
	GlobalSection(NestedProjects) = preSolution
		{8D68F49E-E35D-4077-A8D4-63AB3D900005} = {133288EE-1A2C-4F40-828D-BBB8AB0A49D6}
		{930A8664-8201-4C6F-8417-7A1DED704456} = {D0A7AFA5-51F2-4CA2-A121-50D7323986AC}
		{1A9C0AE5-73AB-4426-90E1-DCEBA6CC15B7} = {EC0A9DCA-994F-4D41-9929-6347AFAEA844}
		{A2D20C71-FB08-48A3-8BEF-6D5D7F25EF9B} = {D0A7AFA5-51F2-4CA2-A121-50D7323986AC}
	EndGlobalSection
EndGlobal
